
Microsoft Visual Studio Solution File, Format Version 12.00
# Visual Studio Version 17
VisualStudioVersion = 17.6.33723.286
MinimumVisualStudioVersion = 10.0.40219.1
Project("{FAE04EC0-301F-11D3-BF4B-00C04F79EFBC}") = "SiteManagment", "WebApplication1\SiteManagment.csproj", "{615AB5F7-61B6-43F5-A39E-37649F3D7AE3}"
EndProject
Global
	GlobalSection(SolutionConfigurationPlatforms) = preSolution
		Debug|Any CPU = Debug|Any CPU
		Release|Any CPU = Release|Any CPU
	EndGlobalSection
	GlobalSection(ProjectConfigurationPlatforms) = postSolution
		{615AB5F7-61B6-43F5-A39E-37649F3D7AE3}.Debug|Any CPU.ActiveCfg = Debug|Any CPU
		{615AB5F7-61B6-43F5-A39E-37649F3D7AE3}.Debug|Any CPU.Build.0 = Debug|Any CPU
		{615AB5F7-61B6-43F5-A39E-37649F3D7AE3}.Release|Any CPU.ActiveCfg = Release|Any CPU
		{615AB5F7-61B6-43F5-A39E-37649F3D7AE3}.Release|Any CPU.Build.0 = Release|Any CPU
	EndGlobalSection
	GlobalSection(SolutionProperties) = preSolution
		HideSolutionNode = FALSE
	EndGlobalSection
	GlobalSection(ExtensibilityGlobals) = postSolution
		SolutionGuid = {54F6FFD8-1795-46F4-98EA-D90B70F4F381}
	EndGlobalSection
EndGlobal
